
Microsoft Visual Studio Solution File, Format Version 12.00
# Visual Studio 15
VisualStudioVersion = 15.0.28307.421
MinimumVisualStudioVersion = 10.0.40219.1
Project("{8BC9CEB8-8B4A-11D0-8D11-00A0C91BC942}") = "OpenGL_First", "OpenGL_First\OpenGL_First.vcxproj", "{E5161DCF-02F6-4642-AC72-DA393A14A9C7}"
EndProject
Global
	GlobalSection(SolutionConfigurationPlatforms) = preSolution
		Debug|x64 = Debug|x64
		Debug|x86 = Debug|x86
		Release|x64 = Release|x64
		Release|x86 = Release|x86
	EndGlobalSection
	GlobalSection(ProjectConfigurationPlatforms) = postSolution
		{E5161DCF-02F6-4642-AC72-DA393A14A9C7}.Debug|x64.ActiveCfg = Debug|x64
		{E5161DCF-02F6-4642-AC72-DA393A14A9C7}.Debug|x64.Build.0 = Debug|x64
		{E5161DCF-02F6-4642-AC72-DA393A14A9C7}.Debug|x86.ActiveCfg = Debug|Win32
		{E5161DCF-02F6-4642-AC72-DA393A14A9C7}.Debug|x86.Build.0 = Debug|Win32
		{E5161DCF-02F6-4642-AC72-DA393A14A9C7}.Release|x64.ActiveCfg = Release|x64
		{E5161DCF-02F6-4642-AC72-DA393A14A9C7}.Release|x64.Build.0 = Release|x64
		{E5161DCF-02F6-4642-AC72-DA393A14A9C7}.Release|x86.ActiveCfg = Release|Win32
		{E5161DCF-02F6-4642-AC72-DA393A14A9C7}.Release|x86.Build.0 = Release|Win32
	EndGlobalSection
	GlobalSection(SolutionProperties) = preSolution
		HideSolutionNode = FALSE
	EndGlobalSection
	GlobalSection(ExtensibilityGlobals) = postSolution
		SolutionGuid = {ACED8D83-F202-4502-BD84-15286F01EB8D}
	EndGlobalSection
EndGlobal
